// !$*UTF8*$!
{
	archiveVersion = 1;
	classes = {
	};
	objectVersion = 46;
	objects = {

/* Begin PBXBuildFile section */
		D074A15F1B0D977B00B8A80D /* AppDelegate.swift in Sources */ = {isa = PBXBuildFile; fileRef = D074A15E1B0D977B00B8A80D /* AppDelegate.swift */; };
		D074A1611B0D977B00B8A80D /* ViewController.swift in Sources */ = {isa = PBXBuildFile; fileRef = D074A1601B0D977B00B8A80D /* ViewController.swift */; };
		D074A1641B0D977B00B8A80D /* Main.storyboard in Resources */ = {isa = PBXBuildFile; fileRef = D074A1621B0D977B00B8A80D /* Main.storyboard */; };
		D074A1661B0D977B00B8A80D /* Images.xcassets in Resources */ = {isa = PBXBuildFile; fileRef = D074A1651B0D977B00B8A80D /* Images.xcassets */; };
		D074A1691B0D977B00B8A80D /* LaunchScreen.xib in Resources */ = {isa = PBXBuildFile; fileRef = D074A1671B0D977B00B8A80D /* LaunchScreen.xib */; };
		D074A1751B0D977B00B8A80D /* Shake_and_SwipeTests.swift in Sources */ = {isa = PBXBuildFile; fileRef = D074A1741B0D977B00B8A80D /* Shake_and_SwipeTests.swift */; };
		D074A1861B0D9A7A00B8A80D /* bean.mp3 in Resources */ = {isa = PBXBuildFile; fileRef = D074A17E1B0D9A7A00B8A80D /* bean.mp3 */; };
		D074A1871B0D9A7A00B8A80D /* belch.mp3 in Resources */ = {isa = PBXBuildFile; fileRef = D074A17F1B0D9A7A00B8A80D /* belch.mp3 */; };
		D074A1881B0D9A7A00B8A80D /* giggle.mp3 in Resources */ = {isa = PBXBuildFile; fileRef = D074A1801B0D9A7A00B8A80D /* giggle.mp3 */; };
		D074A1891B0D9A7A00B8A80D /* pew.mp3 in Resources */ = {isa = PBXBuildFile; fileRef = D074A1811B0D9A7A00B8A80D /* pew.mp3 */; };
		D074A18A1B0D9A7A00B8A80D /* pig.mp3 in Resources */ = {isa = PBXBuildFile; fileRef = D074A1821B0D9A7A00B8A80D /* pig.mp3 */; };
		D074A18B1B0D9A7A00B8A80D /* snore.mp3 in Resources */ = {isa = PBXBuildFile; fileRef = D074A1831B0D9A7A00B8A80D /* snore.mp3 */; };
		D074A18C1B0D9A7A00B8A80D /* static.mp3 in Resources */ = {isa = PBXBuildFile; fileRef = D074A1841B0D9A7A00B8A80D /* static.mp3 */; };
		D074A18D1B0D9A7A00B8A80D /* uuu.mp3 in Resources */ = {isa = PBXBuildFile; fileRef = D074A1851B0D9A7A00B8A80D /* uuu.mp3 */; };
/* End PBXBuildFile section */

/* Begin PBXContainerItemProxy section */
		D074A16F1B0D977B00B8A80D /* PBXContainerItemProxy */ = {
			isa = PBXContainerItemProxy;
			containerPortal = D074A1511B0D977B00B8A80D /* Project object */;
			proxyType = 1;
			remoteGlobalIDString = D074A1581B0D977B00B8A80D;
			remoteInfo = "Shake and Swipe";
		};
/* End PBXContainerItemProxy section */

/* Begin PBXFileReference section */
		D074A1591B0D977B00B8A80D /* Shake and Swipe.app */ = {isa = PBXFileReference; explicitFileType = wrapper.application; includeInIndex = 0; path = "Shake and Swipe.app"; sourceTree = BUILT_PRODUCTS_DIR; };
		D074A15D1B0D977B00B8A80D /* Info.plist */ = {isa = PBXFileReference; lastKnownFileType = text.plist.xml; path = Info.plist; sourceTree = "<group>"; };
		D074A15E1B0D977B00B8A80D /* AppDelegate.swift */ = {isa = PBXFileReference; lastKnownFileType = sourcecode.swift; path = AppDelegate.swift; sourceTree = "<group>"; };
		D074A1601B0D977B00B8A80D /* ViewController.swift */ = {isa = PBXFileReference; lastKnownFileType = sourcecode.swift; path = ViewController.swift; sourceTree = "<group>"; };
		D074A1631B0D977B00B8A80D /* Base */ = {isa = PBXFileReference; lastKnownFileType = file.storyboard; name = Base; path = Base.lproj/Main.storyboard; sourceTree = "<group>"; };
		D074A1651B0D977B00B8A80D /* Images.xcassets */ = {isa = PBXFileReference; lastKnownFileType = folder.assetcatalog; path = Images.xcassets; sourceTree = "<group>"; };
		D074A1681B0D977B00B8A80D /* Base */ = {isa = PBXFileReference; lastKnownFileType = file.xib; name = Base; path = Base.lproj/LaunchScreen.xib; sourceTree = "<group>"; };
		D074A16E1B0D977B00B8A80D /* Shake and SwipeTests.xctest */ = {isa = PBXFileReference; explicitFileType = wrapper.cfbundle; includeInIndex = 0; path = "Shake and SwipeTests.xctest"; sourceTree = BUILT_PRODUCTS_DIR; };
		D074A1731B0D977B00B8A80D /* Info.plist */ = {isa = PBXFileReference; lastKnownFileType = text.plist.xml; path = Info.plist; sourceTree = "<group>"; };
		D074A1741B0D977B00B8A80D /* Shake_and_SwipeTests.swift */ = {isa = PBXFileReference; lastKnownFileType = sourcecode.swift; path = Shake_and_SwipeTests.swift; sourceTree = "<group>"; };
		D074A17E1B0D9A7A00B8A80D /* bean.mp3 */ = {isa = PBXFileReference; lastKnownFileType = audio.mp3; path = bean.mp3; sourceTree = "<group>"; };
		D074A17F1B0D9A7A00B8A80D /* belch.mp3 */ = {isa = PBXFileReference; lastKnownFileType = audio.mp3; path = belch.mp3; sourceTree = "<group>"; };
		D074A1801B0D9A7A00B8A80D /* giggle.mp3 */ = {isa = PBXFileReference; lastKnownFileType = audio.mp3; path = giggle.mp3; sourceTree = "<group>"; };
		D074A1811B0D9A7A00B8A80D /* pew.mp3 */ = {isa = PBXFileReference; lastKnownFileType = audio.mp3; path = pew.mp3; sourceTree = "<group>"; };
		D074A1821B0D9A7A00B8A80D /* pig.mp3 */ = {isa = PBXFileReference; lastKnownFileType = audio.mp3; path = pig.mp3; sourceTree = "<group>"; };
		D074A1831B0D9A7A00B8A80D /* snore.mp3 */ = {isa = PBXFileReference; lastKnownFileType = audio.mp3; path = snore.mp3; sourceTree = "<group>"; };
		D074A1841B0D9A7A00B8A80D /* static.mp3 */ = {isa = PBXFileReference; lastKnownFileType = audio.mp3; path = static.mp3; sourceTree = "<group>"; };
		D074A1851B0D9A7A00B8A80D /* uuu.mp3 */ = {isa = PBXFileReference; lastKnownFileType = audio.mp3; path = uuu.mp3; sourceTree = "<group>"; };
/* End PBXFileReference section */

/* Begin PBXFrameworksBuildPhase section */
		D074A1561B0D977B00B8A80D /* Frameworks */ = {
			isa = PBXFrameworksBuildPhase;
			buildActionMask = 2147483647;
			files = (
			);
			runOnlyForDeploymentPostprocessing = 0;
		};
		D074A16B1B0D977B00B8A80D /* Frameworks */ = {
			isa = PBXFrameworksBuildPhase;
			buildActionMask = 2147483647;
			files = (
			);
			runOnlyForDeploymentPostprocessing = 0;
		};
/* End PBXFrameworksBuildPhase section */

/* Begin PBXGroup section */
		D074A1501B0D977B00B8A80D = {
			isa = PBXGroup;
			children = (
				D074A15B1B0D977B00B8A80D /* Shake and Swipe */,
				D074A1711B0D977B00B8A80D /* Shake and SwipeTests */,
				D074A15A1B0D977B00B8A80D /* Products */,
			);
			sourceTree = "<group>";
		};
		D074A15A1B0D977B00B8A80D /* Products */ = {
			isa = PBXGroup;
			children = (
				D074A1591B0D977B00B8A80D /* Shake and Swipe.app */,
				D074A16E1B0D977B00B8A80D /* Shake and SwipeTests.xctest */,
			);
			name = Products;
			sourceTree = "<group>";
		};
		D074A15B1B0D977B00B8A80D /* Shake and Swipe */ = {
			isa = PBXGroup;
			children = (
				D074A15E1B0D977B00B8A80D /* AppDelegate.swift */,
				D074A1601B0D977B00B8A80D /* ViewController.swift */,
				D074A1621B0D977B00B8A80D /* Main.storyboard */,
				D074A18E1B0D9B4500B8A80D /* sounds */,
				D074A1651B0D977B00B8A80D /* Images.xcassets */,
				D074A1671B0D977B00B8A80D /* LaunchScreen.xib */,
				D074A15C1B0D977B00B8A80D /* Supporting Files */,
			);
			path = "Shake and Swipe";
			sourceTree = "<group>";
		};
		D074A15C1B0D977B00B8A80D /* Supporting Files */ = {
			isa = PBXGroup;
			children = (
				D074A15D1B0D977B00B8A80D /* Info.plist */,
			);
			name = "Supporting Files";
			sourceTree = "<group>";
		};
		D074A1711B0D977B00B8A80D /* Shake and SwipeTests */ = {
			isa = PBXGroup;
			children = (
				D074A1741B0D977B00B8A80D /* Shake_and_SwipeTests.swift */,
				D074A1721B0D977B00B8A80D /* Supporting Files */,
			);
			path = "Shake and SwipeTests";
			sourceTree = "<group>";
		};
		D074A1721B0D977B00B8A80D /* Supporting Files */ = {
			isa = PBXGroup;
			children = (
				D074A1731B0D977B00B8A80D /* Info.plist */,
			);
			name = "Supporting Files";
			sourceTree = "<group>";
		};
		D074A18E1B0D9B4500B8A80D /* sounds */ = {
			isa = PBXGroup;
			children = (
				D074A17E1B0D9A7A00B8A80D /* bean.mp3 */,
				D074A17F1B0D9A7A00B8A80D /* belch.mp3 */,
				D074A1801B0D9A7A00B8A80D /* giggle.mp3 */,
				D074A1811B0D9A7A00B8A80D /* pew.mp3 */,
				D074A1821B0D9A7A00B8A80D /* pig.mp3 */,
				D074A1831B0D9A7A00B8A80D /* snore.mp3 */,
				D074A1841B0D9A7A00B8A80D /* static.mp3 */,
				D074A1851B0D9A7A00B8A80D /* uuu.mp3 */,
			);
			name = sounds;
			sourceTree = "<group>";
		};
/* End PBXGroup section */

/* Begin PBXNativeTarget section */
		D074A1581B0D977B00B8A80D /* Shake and Swipe */ = {
			isa = PBXNativeTarget;
			buildConfigurationList = D074A1781B0D977B00B8A80D /* Build configuration list for PBXNativeTarget "Shake and Swipe" */;
			buildPhases = (
				D074A1551B0D977B00B8A80D /* Sources */,
				D074A1561B0D977B00B8A80D /* Frameworks */,
				D074A1571B0D977B00B8A80D /* Resources */,
			);
			buildRules = (
			);
			dependencies = (
			);
			name = "Shake and Swipe";
			productName = "Shake and Swipe";
			productReference = D074A1591B0D977B00B8A80D /* Shake and Swipe.app */;
			productType = "com.apple.product-type.application";
		};
		D074A16D1B0D977B00B8A80D /* Shake and SwipeTests */ = {
			isa = PBXNativeTarget;
			buildConfigurationList = D074A17B1B0D977B00B8A80D /* Build configuration list for PBXNativeTarget "Shake and SwipeTests" */;
			buildPhases = (
				D074A16A1B0D977B00B8A80D /* Sources */,
				D074A16B1B0D977B00B8A80D /* Frameworks */,
				D074A16C1B0D977B00B8A80D /* Resources */,
			);
			buildRules = (
			);
			dependencies = (
				D074A1701B0D977B00B8A80D /* PBXTargetDependency */,
			);
			name = "Shake and SwipeTests";
			productName = "Shake and SwipeTests";
			productReference = D074A16E1B0D977B00B8A80D /* Shake and SwipeTests.xctest */;
			productType = "com.apple.product-type.bundle.unit-test";
		};
/* End PBXNativeTarget section */

/* Begin PBXProject section */
		D074A1511B0D977B00B8A80D /* Project object */ = {
			isa = PBXProject;
			attributes = {
				LastUpgradeCheck = 0630;
				ORGANIZATIONNAME = JMVapps;
				TargetAttributes = {
					D074A1581B0D977B00B8A80D = {
						CreatedOnToolsVersion = 6.3.2;
					};
					D074A16D1B0D977B00B8A80D = {
						CreatedOnToolsVersion = 6.3.2;
						TestTargetID = D074A1581B0D977B00B8A80D;
					};
				};
			};
			buildConfigurationList = D074A1541B0D977B00B8A80D /* Build configuration list for PBXProject "Shake and Swipe" */;
			compatibilityVersion = "Xcode 3.2";
			developmentRegion = English;
			hasScannedForEncodings = 0;
			knownRegions = (
				en,
				Base,
			);
			mainGroup = D074A1501B0D977B00B8A80D;
			productRefGroup = D074A15A1B0D977B00B8A80D /* Products */;
			projectDirPath = "";
			projectRoot = "";
			targets = (
				D074A1581B0D977B00B8A80D /* Shake and Swipe */,
				D074A16D1B0D977B00B8A80D /* Shake and SwipeTests */,
			);
		};
/* End PBXProject section */

/* Begin PBXResourcesBuildPhase section */
		D074A1571B0D977B00B8A80D /* Resources */ = {
			isa = PBXResourcesBuildPhase;
			buildActionMask = 2147483647;
			files = (
				D074A1861B0D9A7A00B8A80D /* bean.mp3 in Resources */,
				D074A18B1B0D9A7A00B8A80D /* snore.mp3 in Resources */,
				D074A1881B0D9A7A00B8A80D /* giggle.mp3 in Resources */,
				D074A18D1B0D9A7A00B8A80D /* uuu.mp3 in Resources */,
				D074A1871B0D9A7A00B8A80D /* belch.mp3 in Resources */,
				D074A18C1B0D9A7A00B8A80D /* static.mp3 in Resources */,
				D074A1641B0D977B00B8A80D /* Main.storyboard in Resources */,
				D074A1691B0D977B00B8A80D /* LaunchScreen.xib in Resources */,
				D074A18A1B0D9A7A00B8A80D /* pig.mp3 in Resources */,
				D074A1661B0D977B00B8A80D /* Images.xcassets in Resources */,
				D074A1891B0D9A7A00B8A80D /* pew.mp3 in Resources */,
			);
			runOnlyForDeploymentPostprocessing = 0;
		};
		D074A16C1B0D977B00B8A80D /* Resources */ = {
			isa = PBXResourcesBuildPhase;
			buildActionMask = 2147483647;
			files = (
			);
			runOnlyForDeploymentPostprocessing = 0;
		};
/* End PBXResourcesBuildPhase section */

/* Begin PBXSourcesBuildPhase section */
		D074A1551B0D977B00B8A80D /* Sources */ = {
			isa = PBXSourcesBuildPhase;
			buildActionMask = 2147483647;
			files = (
				D074A1611B0D977B00B8A80D /* ViewController.swift in Sources */,
				D074A15F1B0D977B00B8A80D /* AppDelegate.swift in Sources */,
			);
			runOnlyForDeploymentPostprocessing = 0;
		};
		D074A16A1B0D977B00B8A80D /* Sources */ = {
			isa = PBXSourcesBuildPhase;
			buildActionMask = 2147483647;
			files = (
				D074A1751B0D977B00B8A80D /* Shake_and_SwipeTests.swift in Sources */,
			);
			runOnlyForDeploymentPostprocessing = 0;
		};
/* End PBXSourcesBuildPhase section */

/* Begin PBXTargetDependency section */
		D074A1701B0D977B00B8A80D /* PBXTargetDependency */ = {
			isa = PBXTargetDependency;
			target = D074A1581B0D977B00B8A80D /* Shake and Swipe */;
			targetProxy = D074A16F1B0D977B00B8A80D /* PBXContainerItemProxy */;
		};
/* End PBXTargetDependency section */

/* Begin PBXVariantGroup section */
		D074A1621B0D977B00B8A80D /* Main.storyboard */ = {
			isa = PBXVariantGroup;
			children = (
				D074A1631B0D977B00B8A80D /* Base */,
			);
			name = Main.storyboard;
			sourceTree = "<group>";
		};
		D074A1671B0D977B00B8A80D /* LaunchScreen.xib */ = {
			isa = PBXVariantGroup;
			children = (
				D074A1681B0D977B00B8A80D /* Base */,
			);
			name = LaunchScreen.xib;
			sourceTree = "<group>";
		};
/* End PBXVariantGroup section */

/* Begin XCBuildConfiguration section */
		D074A1761B0D977B00B8A80D /* Debug */ = {
			isa = XCBuildConfiguration;
			buildSettings = {
				ALWAYS_SEARCH_USER_PATHS = NO;
				CLANG_CXX_LANGUAGE_STANDARD = "gnu++0x";
				CLANG_CXX_LIBRARY = "libc++";
				CLANG_ENABLE_MODULES = YES;
				CLANG_ENABLE_OBJC_ARC = YES;
				CLANG_WARN_BOOL_CONVERSION = YES;
				CLANG_WARN_CONSTANT_CONVERSION = YES;
				CLANG_WARN_DIRECT_OBJC_ISA_USAGE = YES_ERROR;
				CLANG_WARN_EMPTY_BODY = YES;
				CLANG_WARN_ENUM_CONVERSION = YES;
				CLANG_WARN_INT_CONVERSION = YES;
				CLANG_WARN_OBJC_ROOT_CLASS = YES_ERROR;
				CLANG_WARN_UNREACHABLE_CODE = YES;
				CLANG_WARN__DUPLICATE_METHOD_MATCH = YES;
				"CODE_SIGN_IDENTITY[sdk=iphoneos*]" = "iPhone Developer";
				COPY_PHASE_STRIP = NO;
				DEBUG_INFORMATION_FORMAT = "dwarf-with-dsym";
				ENABLE_STRICT_OBJC_MSGSEND = YES;
				GCC_C_LANGUAGE_STANDARD = gnu99;
				GCC_DYNAMIC_NO_PIC = NO;
				GCC_NO_COMMON_BLOCKS = YES;
				GCC_OPTIMIZATION_LEVEL = 0;
				GCC_PREPROCESSOR_DEFINITIONS = (
					"DEBUG=1",
					"$(inherited)",
				);
				GCC_SYMBOLS_PRIVATE_EXTERN = NO;
				GCC_WARN_64_TO_32_BIT_CONVERSION = YES;
				GCC_WARN_ABOUT_RETURN_TYPE = YES_ERROR;
				GCC_WARN_UNDECLARED_SELECTOR = YES;
				GCC_WARN_UNINITIALIZED_AUTOS = YES_AGGRESSIVE;
				GCC_WARN_UNUSED_FUNCTION = YES;
				GCC_WARN_UNUSED_VARIABLE = YES;
				IPHONEOS_DEPLOYMENT_TARGET = 8.3;
				MTL_ENABLE_DEBUG_INFO = YES;
				ONLY_ACTIVE_ARCH = YES;
				SDKROOT = iphoneos;
				SWIFT_OPTIMIZATION_LEVEL = "-Onone";
			};
			name = Debug;
		};
		D074A1771B0D977B00B8A80D /* Release */ = {
			isa = XCBuildConfiguration;
			buildSettings = {
				ALWAYS_SEARCH_USER_PATHS = NO;
				CLANG_CXX_LANGUAGE_STANDARD = "gnu++0x";
				CLANG_CXX_LIBRARY = "libc++";
				CLANG_ENABLE_MODULES = YES;
				CLANG_ENABLE_OBJC_ARC = YES;
				CLANG_WARN_BOOL_CONVERSION = YES;
				CLANG_WARN_CONSTANT_CONVERSION = YES;
				CLANG_WARN_DIRECT_OBJC_ISA_USAGE = YES_ERROR;
				CLANG_WARN_EMPTY_BODY = YES;
				CLANG_WARN_ENUM_CONVERSION = YES;
				CLANG_WARN_INT_CONVERSION = YES;
				CLANG_WARN_OBJC_ROOT_CLASS = YES_ERROR;
				CLANG_WARN_UNREACHABLE_CODE = YES;
				CLANG_WARN__DUPLICATE_METHOD_MATCH = YES;
				"CODE_SIGN_IDENTITY[sdk=iphoneos*]" = "iPhone Developer";
				COPY_PHASE_STRIP = NO;
				DEBUG_INFORMATION_FORMAT = "dwarf-with-dsym";
				ENABLE_NS_ASSERTIONS = NO;
				ENABLE_STRICT_OBJC_MSGSEND = YES;
				GCC_C_LANGUAGE_STANDARD = gnu99;
				GCC_NO_COMMON_BLOCKS = YES;
				GCC_WARN_64_TO_32_BIT_CONVERSION = YES;
				GCC_WARN_ABOUT_RETURN_TYPE = YES_ERROR;
				GCC_WARN_UNDECLARED_SELECTOR = YES;
				GCC_WARN_UNINITIALIZED_AUTOS = YES_AGGRESSIVE;
				GCC_WARN_UNUSED_FUNCTION = YES;
				GCC_WARN_UNUSED_VARIABLE = YES;
				IPHONEOS_DEPLOYMENT_TARGET = 8.3;
				MTL_ENABLE_DEBUG_INFO = NO;
				SDKROOT = iphoneos;
				VALIDATE_PRODUCT = YES;
			};
			name = Release;
		};
		D074A1791B0D977B00B8A80D /* Debug */ = {
			isa = XCBuildConfiguration;
			buildSettings = {
				ASSETCATALOG_COMPILER_APPICON_NAME = AppIcon;
				INFOPLIST_FILE = "Shake and Swipe/Info.plist";
				LD_RUNPATH_SEARCH_PATHS = "$(inherited) @executable_path/Frameworks";
				PRODUCT_NAME = "$(TARGET_NAME)";
			};
			name = Debug;
		};
		D074A17A1B0D977B00B8A80D /* Release */ = {
			isa = XCBuildConfiguration;
			buildSettings = {
				ASSETCATALOG_COMPILER_APPICON_NAME = AppIcon;
				INFOPLIST_FILE = "Shake and Swipe/Info.plist";
				LD_RUNPATH_SEARCH_PATHS = "$(inherited) @executable_path/Frameworks";
				PRODUCT_NAME = "$(TARGET_NAME)";
			};
			name = Release;
		};
		D074A17C1B0D977B00B8A80D /* Debug */ = {
			isa = XCBuildConfiguration;
			buildSettings = {
				BUNDLE_LOADER = "$(TEST_HOST)";
				FRAMEWORK_SEARCH_PATHS = (
					"$(SDKROOT)/Developer/Library/Frameworks",
					"$(inherited)",
				);
				GCC_PREPROCESSOR_DEFINITIONS = (
					"DEBUG=1",
					"$(inherited)",
				);
				INFOPLIST_FILE = "Shake and SwipeTests/Info.plist";
				LD_RUNPATH_SEARCH_PATHS = "$(inherited) @executable_path/Frameworks @loader_path/Frameworks";
				PRODUCT_NAME = "$(TARGET_NAME)";
				TEST_HOST = "$(BUILT_PRODUCTS_DIR)/Shake and Swipe.app/Shake and Swipe";
			};
			name = Debug;
		};
		D074A17D1B0D977B00B8A80D /* Release */ = {
			isa = XCBuildConfiguration;
			buildSettings = {
				BUNDLE_LOADER = "$(TEST_HOST)";
				FRAMEWORK_SEARCH_PATHS = (
					"$(SDKROOT)/Developer/Library/Frameworks",
					"$(inherited)",
				);
				INFOPLIST_FILE = "Shake and SwipeTests/Info.plist";
				LD_RUNPATH_SEARCH_PATHS = "$(inherited) @executable_path/Frameworks @loader_path/Frameworks";
				PRODUCT_NAME = "$(TARGET_NAME)";
				TEST_HOST = "$(BUILT_PRODUCTS_DIR)/Shake and Swipe.app/Shake and Swipe";
			};
			name = Release;
		};
/* End XCBuildConfiguration section */

/* Begin XCConfigurationList section */
		D074A1541B0D977B00B8A80D /* Build configuration list for PBXProject "Shake and Swipe" */ = {
			isa = XCConfigurationList;
			buildConfigurations = (
				D074A1761B0D977B00B8A80D /* Debug */,
				D074A1771B0D977B00B8A80D /* Release */,
			);
			defaultConfigurationIsVisible = 0;
			defaultConfigurationName = Release;
		};
		D074A1781B0D977B00B8A80D /* Build configuration list for PBXNativeTarget "Shake and Swipe" */ = {
			isa = XCConfigurationList;
			buildConfigurations = (
				D074A1791B0D977B00B8A80D /* Debug */,
				D074A17A1B0D977B00B8A80D /* Release */,
			);
			defaultConfigurationIsVisible = 0;
			defaultConfigurationName = Release;
		};
		D074A17B1B0D977B00B8A80D /* Build configuration list for PBXNativeTarget "Shake and SwipeTests" */ = {
			isa = XCConfigurationList;
			buildConfigurations = (
				D074A17C1B0D977B00B8A80D /* Debug */,
				D074A17D1B0D977B00B8A80D /* Release */,
			);
			defaultConfigurationIsVisible = 0;
			defaultConfigurationName = Release;
		};
/* End XCConfigurationList section */
	};
	rootObject = D074A1511B0D977B00B8A80D /* Project object */;
}
